
Microsoft Visual Studio Solution File, Format Version 12.00
# Visual Studio Version 17
VisualStudioVersion = 17.0.32014.148
MinimumVisualStudioVersion = 15.0.26124.0
Project("{9A19103F-16F7-4668-BE54-9A1E7A4F7556}") = "Avent2020", "Avent2020\Avent2020.csproj", "{744F10C8-3065-4392-A8D6-41CA92A61668}"
EndProject
Project("{9A19103F-16F7-4668-BE54-9A1E7A4F7556}") = "Avent2021", "Avent2021\Avent2021.csproj", "{F33295F3-93F8-48CD-AD44-FE6955674951}"
EndProject
Project("{FAE04EC0-301F-11D3-BF4B-00C04F79EFBC}") = "Advent2022", "Advent2022\Advent2022.csproj", "{67BF13BA-EA16-468B-95FD-E3B6B2089DE3}"
EndProject
Global
	GlobalSection(SolutionConfigurationPlatforms) = preSolution
		Debug|Any CPU = Debug|Any CPU
		Debug|x64 = Debug|x64
		Debug|x86 = Debug|x86
		Release|Any CPU = Release|Any CPU
		Release|x64 = Release|x64
		Release|x86 = Release|x86
	EndGlobalSection
	GlobalSection(ProjectConfigurationPlatforms) = postSolution
		{744F10C8-3065-4392-A8D6-41CA92A61668}.Debug|Any CPU.ActiveCfg = Debug|Any CPU
		{744F10C8-3065-4392-A8D6-41CA92A61668}.Debug|Any CPU.Build.0 = Debug|Any CPU
		{744F10C8-3065-4392-A8D6-41CA92A61668}.Debug|x64.ActiveCfg = Debug|Any CPU
		{744F10C8-3065-4392-A8D6-41CA92A61668}.Debug|x64.Build.0 = Debug|Any CPU
		{744F10C8-3065-4392-A8D6-41CA92A61668}.Debug|x86.ActiveCfg = Debug|Any CPU
		{744F10C8-3065-4392-A8D6-41CA92A61668}.Debug|x86.Build.0 = Debug|Any CPU
		{744F10C8-3065-4392-A8D6-41CA92A61668}.Release|Any CPU.ActiveCfg = Release|Any CPU
		{744F10C8-3065-4392-A8D6-41CA92A61668}.Release|Any CPU.Build.0 = Release|Any CPU
		{744F10C8-3065-4392-A8D6-41CA92A61668}.Release|x64.ActiveCfg = Release|Any CPU
		{744F10C8-3065-4392-A8D6-41CA92A61668}.Release|x64.Build.0 = Release|Any CPU
		{744F10C8-3065-4392-A8D6-41CA92A61668}.Release|x86.ActiveCfg = Release|Any CPU
		{744F10C8-3065-4392-A8D6-41CA92A61668}.Release|x86.Build.0 = Release|Any CPU
		{F33295F3-93F8-48CD-AD44-FE6955674951}.Debug|Any CPU.ActiveCfg = Debug|Any CPU
		{F33295F3-93F8-48CD-AD44-FE6955674951}.Debug|Any CPU.Build.0 = Debug|Any CPU
		{F33295F3-93F8-48CD-AD44-FE6955674951}.Debug|x64.ActiveCfg = Debug|Any CPU
		{F33295F3-93F8-48CD-AD44-FE6955674951}.Debug|x64.Build.0 = Debug|Any CPU
		{F33295F3-93F8-48CD-AD44-FE6955674951}.Debug|x86.ActiveCfg = Debug|Any CPU
		{F33295F3-93F8-48CD-AD44-FE6955674951}.Debug|x86.Build.0 = Debug|Any CPU
		{F33295F3-93F8-48CD-AD44-FE6955674951}.Release|Any CPU.ActiveCfg = Release|Any CPU
		{F33295F3-93F8-48CD-AD44-FE6955674951}.Release|Any CPU.Build.0 = Release|Any CPU
		{F33295F3-93F8-48CD-AD44-FE6955674951}.Release|x64.ActiveCfg = Release|Any CPU
		{F33295F3-93F8-48CD-AD44-FE6955674951}.Release|x64.Build.0 = Release|Any CPU
		{F33295F3-93F8-48CD-AD44-FE6955674951}.Release|x86.ActiveCfg = Release|Any CPU
		{F33295F3-93F8-48CD-AD44-FE6955674951}.Release|x86.Build.0 = Release|Any CPU
		{67BF13BA-EA16-468B-95FD-E3B6B2089DE3}.Debug|Any CPU.ActiveCfg = Debug|Any CPU
		{67BF13BA-EA16-468B-95FD-E3B6B2089DE3}.Debug|Any CPU.Build.0 = Debug|Any CPU
		{67BF13BA-EA16-468B-95FD-E3B6B2089DE3}.Debug|x64.ActiveCfg = Debug|Any CPU
		{67BF13BA-EA16-468B-95FD-E3B6B2089DE3}.Debug|x64.Build.0 = Debug|Any CPU
		{67BF13BA-EA16-468B-95FD-E3B6B2089DE3}.Debug|x86.ActiveCfg = Debug|Any CPU
		{67BF13BA-EA16-468B-95FD-E3B6B2089DE3}.Debug|x86.Build.0 = Debug|Any CPU
		{67BF13BA-EA16-468B-95FD-E3B6B2089DE3}.Release|Any CPU.ActiveCfg = Release|Any CPU
		{67BF13BA-EA16-468B-95FD-E3B6B2089DE3}.Release|Any CPU.Build.0 = Release|Any CPU
		{67BF13BA-EA16-468B-95FD-E3B6B2089DE3}.Release|x64.ActiveCfg = Release|Any CPU
		{67BF13BA-EA16-468B-95FD-E3B6B2089DE3}.Release|x64.Build.0 = Release|Any CPU
		{67BF13BA-EA16-468B-95FD-E3B6B2089DE3}.Release|x86.ActiveCfg = Release|Any CPU
		{67BF13BA-EA16-468B-95FD-E3B6B2089DE3}.Release|x86.Build.0 = Release|Any CPU
	EndGlobalSection
	GlobalSection(SolutionProperties) = preSolution
		HideSolutionNode = FALSE
	EndGlobalSection
	GlobalSection(ExtensibilityGlobals) = postSolution
		SolutionGuid = {80424E6A-A9C9-4B79-B7E3-B24CA71D589C}
	EndGlobalSection
EndGlobal
